// !$*UTF8*$!
{
	archiveVersion = 1;
	classes = {
	};
	objectVersion = 55;
	objects = {

/* Begin PBXBuildFile section */
		703EF5CD27D5CBD9007FCDD8 /* Movie.swift in Sources */ = {isa = PBXBuildFile; fileRef = 703EF5CC27D5CBD9007FCDD8 /* Movie.swift */; };
		703EF5CF27D5CD7A007FCDD8 /* MoviesViewController.swift in Sources */ = {isa = PBXBuildFile; fileRef = 703EF5CE27D5CD7A007FCDD8 /* MoviesViewController.swift */; };
		703EF5D127D621FA007FCDD8 /* MovieTableViewCell.swift in Sources */ = {isa = PBXBuildFile; fileRef = 703EF5D027D621FA007FCDD8 /* MovieTableViewCell.swift */; };
		703EF5D327D6E44A007FCDD8 /* MovieDetailsViewController.swift in Sources */ = {isa = PBXBuildFile; fileRef = 703EF5D227D6E44A007FCDD8 /* MovieDetailsViewController.swift */; };
		703EF5D527D717DE007FCDD8 /* SaveMovieViewController.swift in Sources */ = {isa = PBXBuildFile; fileRef = 703EF5D427D717DE007FCDD8 /* SaveMovieViewController.swift */; };
		703EF5D927D73445007FCDD8 /* DataManager.swift in Sources */ = {isa = PBXBuildFile; fileRef = 703EF5D827D73445007FCDD8 /* DataManager.swift */; };
		703EF5DD27D744C0007FCDD8 /* GoogleService-Info.plist in Resources */ = {isa = PBXBuildFile; fileRef = 703EF5DC27D744C0007FCDD8 /* GoogleService-Info.plist */; };
		703EF5E027D74675007FCDD8 /* FirebaseFirestore in Frameworks */ = {isa = PBXBuildFile; productRef = 703EF5DF27D74675007FCDD8 /* FirebaseFirestore */; };
		70750A9127CE0AF30098B57B /* AppDelegate.swift in Sources */ = {isa = PBXBuildFile; fileRef = 70750A9027CE0AF30098B57B /* AppDelegate.swift */; };
		70750A9327CE0AF30098B57B /* SceneDelegate.swift in Sources */ = {isa = PBXBuildFile; fileRef = 70750A9227CE0AF30098B57B /* SceneDelegate.swift */; };
		70750A9827CE0AF30098B57B /* Main.storyboard in Resources */ = {isa = PBXBuildFile; fileRef = 70750A9627CE0AF30098B57B /* Main.storyboard */; };
		70750A9A27CE0AF40098B57B /* Assets.xcassets in Resources */ = {isa = PBXBuildFile; fileRef = 70750A9927CE0AF40098B57B /* Assets.xcassets */; };
		70750A9D27CE0AF40098B57B /* LaunchScreen.storyboard in Resources */ = {isa = PBXBuildFile; fileRef = 70750A9B27CE0AF40098B57B /* LaunchScreen.storyboard */; };
		70750AA527CE22DF0098B57B /* ProfileViewController.swift in Sources */ = {isa = PBXBuildFile; fileRef = 70750AA427CE22DF0098B57B /* ProfileViewController.swift */; };
/* End PBXBuildFile section */

/* Begin PBXFileReference section */
		703EF5CC27D5CBD9007FCDD8 /* Movie.swift */ = {isa = PBXFileReference; lastKnownFileType = sourcecode.swift; path = Movie.swift; sourceTree = "<group>"; };
		703EF5CE27D5CD7A007FCDD8 /* MoviesViewController.swift */ = {isa = PBXFileReference; lastKnownFileType = sourcecode.swift; path = MoviesViewController.swift; sourceTree = "<group>"; };
		703EF5D027D621FA007FCDD8 /* MovieTableViewCell.swift */ = {isa = PBXFileReference; lastKnownFileType = sourcecode.swift; path = MovieTableViewCell.swift; sourceTree = "<group>"; };
		703EF5D227D6E44A007FCDD8 /* MovieDetailsViewController.swift */ = {isa = PBXFileReference; lastKnownFileType = sourcecode.swift; path = MovieDetailsViewController.swift; sourceTree = "<group>"; };
		703EF5D427D717DE007FCDD8 /* SaveMovieViewController.swift */ = {isa = PBXFileReference; lastKnownFileType = sourcecode.swift; path = SaveMovieViewController.swift; sourceTree = "<group>"; };
		703EF5D827D73445007FCDD8 /* DataManager.swift */ = {isa = PBXFileReference; lastKnownFileType = sourcecode.swift; path = DataManager.swift; sourceTree = "<group>"; };
		703EF5DC27D744C0007FCDD8 /* GoogleService-Info.plist */ = {isa = PBXFileReference; fileEncoding = 4; lastKnownFileType = text.plist.xml; path = "GoogleService-Info.plist"; sourceTree = "<group>"; };
		70750A8D27CE0AF30098B57B /* MovieApp.app */ = {isa = PBXFileReference; explicitFileType = wrapper.application; includeInIndex = 0; path = MovieApp.app; sourceTree = BUILT_PRODUCTS_DIR; };
		70750A9027CE0AF30098B57B /* AppDelegate.swift */ = {isa = PBXFileReference; lastKnownFileType = sourcecode.swift; path = AppDelegate.swift; sourceTree = "<group>"; };
		70750A9227CE0AF30098B57B /* SceneDelegate.swift */ = {isa = PBXFileReference; lastKnownFileType = sourcecode.swift; path = SceneDelegate.swift; sourceTree = "<group>"; };
		70750A9727CE0AF30098B57B /* Base */ = {isa = PBXFileReference; lastKnownFileType = file.storyboard; name = Base; path = Base.lproj/Main.storyboard; sourceTree = "<group>"; };
		70750A9927CE0AF40098B57B /* Assets.xcassets */ = {isa = PBXFileReference; lastKnownFileType = folder.assetcatalog; path = Assets.xcassets; sourceTree = "<group>"; };
		70750A9C27CE0AF40098B57B /* Base */ = {isa = PBXFileReference; lastKnownFileType = file.storyboard; name = Base; path = Base.lproj/LaunchScreen.storyboard; sourceTree = "<group>"; };
		70750A9E27CE0AF40098B57B /* Info.plist */ = {isa = PBXFileReference; lastKnownFileType = text.plist.xml; path = Info.plist; sourceTree = "<group>"; };
		70750AA427CE22DF0098B57B /* ProfileViewController.swift */ = {isa = PBXFileReference; lastKnownFileType = sourcecode.swift; path = ProfileViewController.swift; sourceTree = "<group>"; };
/* End PBXFileReference section */

/* Begin PBXFrameworksBuildPhase section */
		70750A8A27CE0AF30098B57B /* Frameworks */ = {
			isa = PBXFrameworksBuildPhase;
			buildActionMask = 2147483647;
			files = (
				703EF5E027D74675007FCDD8 /* FirebaseFirestore in Frameworks */,
			);
			runOnlyForDeploymentPostprocessing = 0;
		};
/* End PBXFrameworksBuildPhase section */

/* Begin PBXGroup section */
		70750A8427CE0AF20098B57B = {
			isa = PBXGroup;
			children = (
				70750A8F27CE0AF30098B57B /* MovieApp */,
				70750A8E27CE0AF30098B57B /* Products */,
			);
			sourceTree = "<group>";
		};
		70750A8E27CE0AF30098B57B /* Products */ = {
			isa = PBXGroup;
			children = (
				70750A8D27CE0AF30098B57B /* MovieApp.app */,
			);
			name = Products;
			sourceTree = "<group>";
		};
		70750A8F27CE0AF30098B57B /* MovieApp */ = {
			isa = PBXGroup;
			children = (
				70750A9027CE0AF30098B57B /* AppDelegate.swift */,
				70750A9227CE0AF30098B57B /* SceneDelegate.swift */,
				70750A9627CE0AF30098B57B /* Main.storyboard */,
				70750A9927CE0AF40098B57B /* Assets.xcassets */,
				70750A9B27CE0AF40098B57B /* LaunchScreen.storyboard */,
				70750A9E27CE0AF40098B57B /* Info.plist */,
				703EF5DC27D744C0007FCDD8 /* GoogleService-Info.plist */,
				70750AA427CE22DF0098B57B /* ProfileViewController.swift */,
				703EF5CC27D5CBD9007FCDD8 /* Movie.swift */,
				703EF5D827D73445007FCDD8 /* DataManager.swift */,
				703EF5CE27D5CD7A007FCDD8 /* MoviesViewController.swift */,
				703EF5D027D621FA007FCDD8 /* MovieTableViewCell.swift */,
				703EF5D227D6E44A007FCDD8 /* MovieDetailsViewController.swift */,
				703EF5D427D717DE007FCDD8 /* SaveMovieViewController.swift */,
			);
			path = MovieApp;
			sourceTree = "<group>";
		};
/* End PBXGroup section */

/* Begin PBXNativeTarget section */
		70750A8C27CE0AF30098B57B /* MovieApp */ = {
			isa = PBXNativeTarget;
			buildConfigurationList = 70750AA127CE0AF40098B57B /* Build configuration list for PBXNativeTarget "MovieApp" */;
			buildPhases = (
				70750A8927CE0AF30098B57B /* Sources */,
				70750A8A27CE0AF30098B57B /* Frameworks */,
				70750A8B27CE0AF30098B57B /* Resources */,
			);
			buildRules = (
			);
			dependencies = (
			);
			name = MovieApp;
			packageProductDependencies = (
				703EF5DF27D74675007FCDD8 /* FirebaseFirestore */,
			);
			productName = MovieApp;
			productReference = 70750A8D27CE0AF30098B57B /* MovieApp.app */;
			productType = "com.apple.product-type.application";
		};
/* End PBXNativeTarget section */

/* Begin PBXProject section */
		70750A8527CE0AF20098B57B /* Project object */ = {
			isa = PBXProject;
			attributes = {
				BuildIndependentTargetsInParallel = 1;
				LastSwiftUpdateCheck = 1320;
				LastUpgradeCheck = 1320;
				TargetAttributes = {
					70750A8C27CE0AF30098B57B = {
						CreatedOnToolsVersion = 13.2.1;
					};
				};
			};
			buildConfigurationList = 70750A8827CE0AF20098B57B /* Build configuration list for PBXProject "MovieApp" */;
			compatibilityVersion = "Xcode 13.0";
			developmentRegion = en;
			hasScannedForEncodings = 0;
			knownRegions = (
				en,
				Base,
			);
			mainGroup = 70750A8427CE0AF20098B57B;
			packageReferences = (
				703EF5DE27D74675007FCDD8 /* XCRemoteSwiftPackageReference "firebase-ios-sdk" */,
			);
			productRefGroup = 70750A8E27CE0AF30098B57B /* Products */;
			projectDirPath = "";
			projectRoot = "";
			targets = (
				70750A8C27CE0AF30098B57B /* MovieApp */,
			);
		};
/* End PBXProject section */

/* Begin PBXResourcesBuildPhase section */
		70750A8B27CE0AF30098B57B /* Resources */ = {
			isa = PBXResourcesBuildPhase;
			buildActionMask = 2147483647;
			files = (
				70750A9D27CE0AF40098B57B /* LaunchScreen.storyboard in Resources */,
				703EF5DD27D744C0007FCDD8 /* GoogleService-Info.plist in Resources */,
				70750A9A27CE0AF40098B57B /* Assets.xcassets in Resources */,
				70750A9827CE0AF30098B57B /* Main.storyboard in Resources */,
			);
			runOnlyForDeploymentPostprocessing = 0;
		};
/* End PBXResourcesBuildPhase section */

/* Begin PBXSourcesBuildPhase section */
		70750A8927CE0AF30098B57B /* Sources */ = {
			isa = PBXSourcesBuildPhase;
			buildActionMask = 2147483647;
			files = (
				70750AA527CE22DF0098B57B /* ProfileViewController.swift in Sources */,
				703EF5D927D73445007FCDD8 /* DataManager.swift in Sources */,
				703EF5CF27D5CD7A007FCDD8 /* MoviesViewController.swift in Sources */,
				703EF5D127D621FA007FCDD8 /* MovieTableViewCell.swift in Sources */,
				703EF5D327D6E44A007FCDD8 /* MovieDetailsViewController.swift in Sources */,
				70750A9127CE0AF30098B57B /* AppDelegate.swift in Sources */,
				703EF5CD27D5CBD9007FCDD8 /* Movie.swift in Sources */,
				703EF5D527D717DE007FCDD8 /* SaveMovieViewController.swift in Sources */,
				70750A9327CE0AF30098B57B /* SceneDelegate.swift in Sources */,
			);
			runOnlyForDeploymentPostprocessing = 0;
		};
/* End PBXSourcesBuildPhase section */

/* Begin PBXVariantGroup section */
		70750A9627CE0AF30098B57B /* Main.storyboard */ = {
			isa = PBXVariantGroup;
			children = (
				70750A9727CE0AF30098B57B /* Base */,
			);
			name = Main.storyboard;
			sourceTree = "<group>";
		};
		70750A9B27CE0AF40098B57B /* LaunchScreen.storyboard */ = {
			isa = PBXVariantGroup;
			children = (
				70750A9C27CE0AF40098B57B /* Base */,
			);
			name = LaunchScreen.storyboard;
			sourceTree = "<group>";
		};
/* End PBXVariantGroup section */

/* Begin XCBuildConfiguration section */
		70750A9F27CE0AF40098B57B /* Debug */ = {
			isa = XCBuildConfiguration;
			buildSettings = {
				ALWAYS_SEARCH_USER_PATHS = NO;
				CLANG_ANALYZER_NONNULL = YES;
				CLANG_ANALYZER_NUMBER_OBJECT_CONVERSION = YES_AGGRESSIVE;
				CLANG_CXX_LANGUAGE_STANDARD = "gnu++17";
				CLANG_CXX_LIBRARY = "libc++";
				CLANG_ENABLE_MODULES = YES;
				CLANG_ENABLE_OBJC_ARC = YES;
				CLANG_ENABLE_OBJC_WEAK = YES;
				CLANG_WARN_BLOCK_CAPTURE_AUTORELEASING = YES;
				CLANG_WARN_BOOL_CONVERSION = YES;
				CLANG_WARN_COMMA = YES;
				CLANG_WARN_CONSTANT_CONVERSION = YES;
				CLANG_WARN_DEPRECATED_OBJC_IMPLEMENTATIONS = YES;
				CLANG_WARN_DIRECT_OBJC_ISA_USAGE = YES_ERROR;
				CLANG_WARN_DOCUMENTATION_COMMENTS = YES;
				CLANG_WARN_EMPTY_BODY = YES;
				CLANG_WARN_ENUM_CONVERSION = YES;
				CLANG_WARN_INFINITE_RECURSION = YES;
				CLANG_WARN_INT_CONVERSION = YES;
				CLANG_WARN_NON_LITERAL_NULL_CONVERSION = YES;
				CLANG_WARN_OBJC_IMPLICIT_RETAIN_SELF = YES;
				CLANG_WARN_OBJC_LITERAL_CONVERSION = YES;
				CLANG_WARN_OBJC_ROOT_CLASS = YES_ERROR;
				CLANG_WARN_QUOTED_INCLUDE_IN_FRAMEWORK_HEADER = YES;
				CLANG_WARN_RANGE_LOOP_ANALYSIS = YES;
				CLANG_WARN_STRICT_PROTOTYPES = YES;
				CLANG_WARN_SUSPICIOUS_MOVE = YES;
				CLANG_WARN_UNGUARDED_AVAILABILITY = YES_AGGRESSIVE;
				CLANG_WARN_UNREACHABLE_CODE = YES;
				CLANG_WARN__DUPLICATE_METHOD_MATCH = YES;
				COPY_PHASE_STRIP = NO;
				DEBUG_INFORMATION_FORMAT = dwarf;
				ENABLE_STRICT_OBJC_MSGSEND = YES;
				ENABLE_TESTABILITY = YES;
				GCC_C_LANGUAGE_STANDARD = gnu11;
				GCC_DYNAMIC_NO_PIC = NO;
				GCC_NO_COMMON_BLOCKS = YES;
				GCC_OPTIMIZATION_LEVEL = 0;
				GCC_PREPROCESSOR_DEFINITIONS = (
					"DEBUG=1",
					"$(inherited)",
				);
				GCC_WARN_64_TO_32_BIT_CONVERSION = YES;
				GCC_WARN_ABOUT_RETURN_TYPE = YES_ERROR;
				GCC_WARN_UNDECLARED_SELECTOR = YES;
				GCC_WARN_UNINITIALIZED_AUTOS = YES_AGGRESSIVE;
				GCC_WARN_UNUSED_FUNCTION = YES;
				GCC_WARN_UNUSED_VARIABLE = YES;
				IPHONEOS_DEPLOYMENT_TARGET = 15.2;
				MTL_ENABLE_DEBUG_INFO = INCLUDE_SOURCE;
				MTL_FAST_MATH = YES;
				ONLY_ACTIVE_ARCH = YES;
				SDKROOT = iphoneos;
				SWIFT_ACTIVE_COMPILATION_CONDITIONS = DEBUG;
				SWIFT_OPTIMIZATION_LEVEL = "-Onone";
			};
			name = Debug;
		};
		70750AA027CE0AF40098B57B /* Release */ = {
			isa = XCBuildConfiguration;
			buildSettings = {
				ALWAYS_SEARCH_USER_PATHS = NO;
				CLANG_ANALYZER_NONNULL = YES;
				CLANG_ANALYZER_NUMBER_OBJECT_CONVERSION = YES_AGGRESSIVE;
				CLANG_CXX_LANGUAGE_STANDARD = "gnu++17";
				CLANG_CXX_LIBRARY = "libc++";
				CLANG_ENABLE_MODULES = YES;
				CLANG_ENABLE_OBJC_ARC = YES;
				CLANG_ENABLE_OBJC_WEAK = YES;
				CLANG_WARN_BLOCK_CAPTURE_AUTORELEASING = YES;
				CLANG_WARN_BOOL_CONVERSION = YES;
				CLANG_WARN_COMMA = YES;
				CLANG_WARN_CONSTANT_CONVERSION = YES;
				CLANG_WARN_DEPRECATED_OBJC_IMPLEMENTATIONS = YES;
				CLANG_WARN_DIRECT_OBJC_ISA_USAGE = YES_ERROR;
				CLANG_WARN_DOCUMENTATION_COMMENTS = YES;
				CLANG_WARN_EMPTY_BODY = YES;
				CLANG_WARN_ENUM_CONVERSION = YES;
				CLANG_WARN_INFINITE_RECURSION = YES;
				CLANG_WARN_INT_CONVERSION = YES;
				CLANG_WARN_NON_LITERAL_NULL_CONVERSION = YES;
				CLANG_WARN_OBJC_IMPLICIT_RETAIN_SELF = YES;
				CLANG_WARN_OBJC_LITERAL_CONVERSION = YES;
				CLANG_WARN_OBJC_ROOT_CLASS = YES_ERROR;
				CLANG_WARN_QUOTED_INCLUDE_IN_FRAMEWORK_HEADER = YES;
				CLANG_WARN_RANGE_LOOP_ANALYSIS = YES;
				CLANG_WARN_STRICT_PROTOTYPES = YES;
				CLANG_WARN_SUSPICIOUS_MOVE = YES;
				CLANG_WARN_UNGUARDED_AVAILABILITY = YES_AGGRESSIVE;
				CLANG_WARN_UNREACHABLE_CODE = YES;
				CLANG_WARN__DUPLICATE_METHOD_MATCH = YES;
				COPY_PHASE_STRIP = NO;
				DEBUG_INFORMATION_FORMAT = "dwarf-with-dsym";
				ENABLE_NS_ASSERTIONS = NO;
				ENABLE_STRICT_OBJC_MSGSEND = YES;
				GCC_C_LANGUAGE_STANDARD = gnu11;
				GCC_NO_COMMON_BLOCKS = YES;
				GCC_WARN_64_TO_32_BIT_CONVERSION = YES;
				GCC_WARN_ABOUT_RETURN_TYPE = YES_ERROR;
				GCC_WARN_UNDECLARED_SELECTOR = YES;
				GCC_WARN_UNINITIALIZED_AUTOS = YES_AGGRESSIVE;
				GCC_WARN_UNUSED_FUNCTION = YES;
				GCC_WARN_UNUSED_VARIABLE = YES;
				IPHONEOS_DEPLOYMENT_TARGET = 15.2;
				MTL_ENABLE_DEBUG_INFO = NO;
				MTL_FAST_MATH = YES;
				SDKROOT = iphoneos;
				SWIFT_COMPILATION_MODE = wholemodule;
				SWIFT_OPTIMIZATION_LEVEL = "-O";
				VALIDATE_PRODUCT = YES;
			};
			name = Release;
		};
		70750AA227CE0AF40098B57B /* Debug */ = {
			isa = XCBuildConfiguration;
			buildSettings = {
				ASSETCATALOG_COMPILER_APPICON_NAME = AppIcon;
				ASSETCATALOG_COMPILER_GLOBAL_ACCENT_COLOR_NAME = AccentColor;
				CODE_SIGN_STYLE = Automatic;
				CURRENT_PROJECT_VERSION = 1;
				GENERATE_INFOPLIST_FILE = YES;
				INFOPLIST_FILE = MovieApp/Info.plist;
				INFOPLIST_KEY_UIApplicationSupportsIndirectInputEvents = YES;
				INFOPLIST_KEY_UILaunchStoryboardName = LaunchScreen;
				INFOPLIST_KEY_UIMainStoryboardFile = Main;
				INFOPLIST_KEY_UISupportedInterfaceOrientations_iPad = UIInterfaceOrientationPortrait;
				INFOPLIST_KEY_UISupportedInterfaceOrientations_iPhone = UIInterfaceOrientationPortrait;
				LD_RUNPATH_SEARCH_PATHS = (
					"$(inherited)",
					"@executable_path/Frameworks",
				);
				MARKETING_VERSION = 1.0;
				PRODUCT_BUNDLE_IDENTIFIER = sg.edu.nyp.haiyun.MovieApp;
				PRODUCT_NAME = "$(TARGET_NAME)";
				SWIFT_EMIT_LOC_STRINGS = YES;
				SWIFT_VERSION = 5.0;
				TARGETED_DEVICE_FAMILY = "1,2";
			};
			name = Debug;
		};
		70750AA327CE0AF40098B57B /* Release */ = {
			isa = XCBuildConfiguration;
			buildSettings = {
				ASSETCATALOG_COMPILER_APPICON_NAME = AppIcon;
				ASSETCATALOG_COMPILER_GLOBAL_ACCENT_COLOR_NAME = AccentColor;
				CODE_SIGN_STYLE = Automatic;
				CURRENT_PROJECT_VERSION = 1;
				GENERATE_INFOPLIST_FILE = YES;
				INFOPLIST_FILE = MovieApp/Info.plist;
				INFOPLIST_KEY_UIApplicationSupportsIndirectInputEvents = YES;
				INFOPLIST_KEY_UILaunchStoryboardName = LaunchScreen;
				INFOPLIST_KEY_UIMainStoryboardFile = Main;
				INFOPLIST_KEY_UISupportedInterfaceOrientations_iPad = UIInterfaceOrientationPortrait;
				INFOPLIST_KEY_UISupportedInterfaceOrientations_iPhone = UIInterfaceOrientationPortrait;
				LD_RUNPATH_SEARCH_PATHS = (
					"$(inherited)",
					"@executable_path/Frameworks",
				);
				MARKETING_VERSION = 1.0;
				PRODUCT_BUNDLE_IDENTIFIER = sg.edu.nyp.haiyun.MovieApp;
				PRODUCT_NAME = "$(TARGET_NAME)";
				SWIFT_EMIT_LOC_STRINGS = YES;
				SWIFT_VERSION = 5.0;
				TARGETED_DEVICE_FAMILY = "1,2";
			};
			name = Release;
		};
/* End XCBuildConfiguration section */

/* Begin XCConfigurationList section */
		70750A8827CE0AF20098B57B /* Build configuration list for PBXProject "MovieApp" */ = {
			isa = XCConfigurationList;
			buildConfigurations = (
				70750A9F27CE0AF40098B57B /* Debug */,
				70750AA027CE0AF40098B57B /* Release */,
			);
			defaultConfigurationIsVisible = 0;
			defaultConfigurationName = Release;
		};
		70750AA127CE0AF40098B57B /* Build configuration list for PBXNativeTarget "MovieApp" */ = {
			isa = XCConfigurationList;
			buildConfigurations = (
				70750AA227CE0AF40098B57B /* Debug */,
				70750AA327CE0AF40098B57B /* Release */,
			);
			defaultConfigurationIsVisible = 0;
			defaultConfigurationName = Release;
		};
/* End XCConfigurationList section */

/* Begin XCRemoteSwiftPackageReference section */
		703EF5DE27D74675007FCDD8 /* XCRemoteSwiftPackageReference "firebase-ios-sdk" */ = {
			isa = XCRemoteSwiftPackageReference;
			repositoryURL = "https://github.com/firebase/firebase-ios-sdk";
			requirement = {
				kind = upToNextMajorVersion;
				minimumVersion = 8.0.0;
			};
		};
/* End XCRemoteSwiftPackageReference section */

/* Begin XCSwiftPackageProductDependency section */
		703EF5DF27D74675007FCDD8 /* FirebaseFirestore */ = {
			isa = XCSwiftPackageProductDependency;
			package = 703EF5DE27D74675007FCDD8 /* XCRemoteSwiftPackageReference "firebase-ios-sdk" */;
			productName = FirebaseFirestore;
		};
/* End XCSwiftPackageProductDependency section */
	};
	rootObject = 70750A8527CE0AF20098B57B /* Project object */;
}
